// !$*UTF8*$!
{
	archiveVersion = 1;
	classes = {
	};
	objectVersion = 56;
	objects = {

/* Begin PBXBuildFile section */
		2BBC8CCD2CBBEC8200D5D65B /* AppDelegate.swift in Sources */ = {isa = PBXBuildFile; fileRef = 2BBC8CCC2CBBEC8200D5D65B /* AppDelegate.swift */; };
		2BBC8CCF2CBBEC8200D5D65B /* SceneDelegate.swift in Sources */ = {isa = PBXBuildFile; fileRef = 2BBC8CCE2CBBEC8200D5D65B /* SceneDelegate.swift */; };
		2BBC8CD12CBBEC8200D5D65B /* ViewController.swift in Sources */ = {isa = PBXBuildFile; fileRef = 2BBC8CD02CBBEC8200D5D65B /* ViewController.swift */; };
		2BBC8CD42CBBEC8200D5D65B /* Base in Resources */ = {isa = PBXBuildFile; fileRef = 2BBC8CD32CBBEC8200D5D65B /* Base */; };
		2BBC8CD62CBBEC8200D5D65B /* Assets.xcassets in Resources */ = {isa = PBXBuildFile; fileRef = 2BBC8CD52CBBEC8200D5D65B /* Assets.xcassets */; };
		2BBC8CD92CBBEC8200D5D65B /* Base in Resources */ = {isa = PBXBuildFile; fileRef = 2BBC8CD82CBBEC8200D5D65B /* Base */; };
		2BBC8CE42CBBEC8300D5D65B /* RGBtoHexConventerTests.swift in Sources */ = {isa = PBXBuildFile; fileRef = 2BBC8CE32CBBEC8300D5D65B /* RGBtoHexConventerTests.swift */; };
		2BBC8CEE2CBBEC8300D5D65B /* RGBtoHexConventerUITests.swift in Sources */ = {isa = PBXBuildFile; fileRef = 2BBC8CED2CBBEC8300D5D65B /* RGBtoHexConventerUITests.swift */; };
		2BBC8CF02CBBEC8300D5D65B /* RGBtoHexConventerUITestsLaunchTests.swift in Sources */ = {isa = PBXBuildFile; fileRef = 2BBC8CEF2CBBEC8300D5D65B /* RGBtoHexConventerUITestsLaunchTests.swift */; };
/* End PBXBuildFile section */

/* Begin PBXContainerItemProxy section */
		2BBC8CE02CBBEC8300D5D65B /* PBXContainerItemProxy */ = {
			isa = PBXContainerItemProxy;
			containerPortal = 2BBC8CC12CBBEC8200D5D65B /* Project object */;
			proxyType = 1;
			remoteGlobalIDString = 2BBC8CC82CBBEC8200D5D65B;
			remoteInfo = RGBtoHexConventer;
		};
		2BBC8CEA2CBBEC8300D5D65B /* PBXContainerItemProxy */ = {
			isa = PBXContainerItemProxy;
			containerPortal = 2BBC8CC12CBBEC8200D5D65B /* Project object */;
			proxyType = 1;
			remoteGlobalIDString = 2BBC8CC82CBBEC8200D5D65B;
			remoteInfo = RGBtoHexConventer;
		};
/* End PBXContainerItemProxy section */

/* Begin PBXFileReference section */
		2BBC8CC92CBBEC8200D5D65B /* RGBtoHexConventer.app */ = {isa = PBXFileReference; explicitFileType = wrapper.application; includeInIndex = 0; path = RGBtoHexConventer.app; sourceTree = BUILT_PRODUCTS_DIR; };
		2BBC8CCC2CBBEC8200D5D65B /* AppDelegate.swift */ = {isa = PBXFileReference; lastKnownFileType = sourcecode.swift; path = AppDelegate.swift; sourceTree = "<group>"; };
		2BBC8CCE2CBBEC8200D5D65B /* SceneDelegate.swift */ = {isa = PBXFileReference; lastKnownFileType = sourcecode.swift; path = SceneDelegate.swift; sourceTree = "<group>"; };
		2BBC8CD02CBBEC8200D5D65B /* ViewController.swift */ = {isa = PBXFileReference; lastKnownFileType = sourcecode.swift; path = ViewController.swift; sourceTree = "<group>"; };
		2BBC8CD32CBBEC8200D5D65B /* Base */ = {isa = PBXFileReference; lastKnownFileType = file.storyboard; name = Base; path = Base.lproj/Main.storyboard; sourceTree = "<group>"; };
		2BBC8CD52CBBEC8200D5D65B /* Assets.xcassets */ = {isa = PBXFileReference; lastKnownFileType = folder.assetcatalog; path = Assets.xcassets; sourceTree = "<group>"; };
		2BBC8CD82CBBEC8200D5D65B /* Base */ = {isa = PBXFileReference; lastKnownFileType = file.storyboard; name = Base; path = Base.lproj/LaunchScreen.storyboard; sourceTree = "<group>"; };
		2BBC8CDA2CBBEC8200D5D65B /* Info.plist */ = {isa = PBXFileReference; lastKnownFileType = text.plist.xml; path = Info.plist; sourceTree = "<group>"; };
		2BBC8CDF2CBBEC8300D5D65B /* RGBtoHexConventerTests.xctest */ = {isa = PBXFileReference; explicitFileType = wrapper.cfbundle; includeInIndex = 0; path = RGBtoHexConventerTests.xctest; sourceTree = BUILT_PRODUCTS_DIR; };
		2BBC8CE32CBBEC8300D5D65B /* RGBtoHexConventerTests.swift */ = {isa = PBXFileReference; lastKnownFileType = sourcecode.swift; path = RGBtoHexConventerTests.swift; sourceTree = "<group>"; };
		2BBC8CE92CBBEC8300D5D65B /* RGBtoHexConventerUITests.xctest */ = {isa = PBXFileReference; explicitFileType = wrapper.cfbundle; includeInIndex = 0; path = RGBtoHexConventerUITests.xctest; sourceTree = BUILT_PRODUCTS_DIR; };
		2BBC8CED2CBBEC8300D5D65B /* RGBtoHexConventerUITests.swift */ = {isa = PBXFileReference; lastKnownFileType = sourcecode.swift; path = RGBtoHexConventerUITests.swift; sourceTree = "<group>"; };
		2BBC8CEF2CBBEC8300D5D65B /* RGBtoHexConventerUITestsLaunchTests.swift */ = {isa = PBXFileReference; lastKnownFileType = sourcecode.swift; path = RGBtoHexConventerUITestsLaunchTests.swift; sourceTree = "<group>"; };
/* End PBXFileReference section */

/* Begin PBXFrameworksBuildPhase section */
		2BBC8CC62CBBEC8200D5D65B /* Frameworks */ = {
			isa = PBXFrameworksBuildPhase;
			buildActionMask = 2147483647;
			files = (
			);
			runOnlyForDeploymentPostprocessing = 0;
		};
		2BBC8CDC2CBBEC8300D5D65B /* Frameworks */ = {
			isa = PBXFrameworksBuildPhase;
			buildActionMask = 2147483647;
			files = (
			);
			runOnlyForDeploymentPostprocessing = 0;
		};
		2BBC8CE62CBBEC8300D5D65B /* Frameworks */ = {
			isa = PBXFrameworksBuildPhase;
			buildActionMask = 2147483647;
			files = (
			);
			runOnlyForDeploymentPostprocessing = 0;
		};
/* End PBXFrameworksBuildPhase section */

/* Begin PBXGroup section */
		2BBC8CC02CBBEC8200D5D65B = {
			isa = PBXGroup;
			children = (
				2BBC8CCB2CBBEC8200D5D65B /* RGBtoHexConventer */,
				2BBC8CE22CBBEC8300D5D65B /* RGBtoHexConventerTests */,
				2BBC8CEC2CBBEC8300D5D65B /* RGBtoHexConventerUITests */,
				2BBC8CCA2CBBEC8200D5D65B /* Products */,
			);
			sourceTree = "<group>";
		};
		2BBC8CCA2CBBEC8200D5D65B /* Products */ = {
			isa = PBXGroup;
			children = (
				2BBC8CC92CBBEC8200D5D65B /* RGBtoHexConventer.app */,
				2BBC8CDF2CBBEC8300D5D65B /* RGBtoHexConventerTests.xctest */,
				2BBC8CE92CBBEC8300D5D65B /* RGBtoHexConventerUITests.xctest */,
			);
			name = Products;
			sourceTree = "<group>";
		};
		2BBC8CCB2CBBEC8200D5D65B /* RGBtoHexConventer */ = {
			isa = PBXGroup;
			children = (
				2BBC8CCC2CBBEC8200D5D65B /* AppDelegate.swift */,
				2BBC8CCE2CBBEC8200D5D65B /* SceneDelegate.swift */,
				2BBC8CD02CBBEC8200D5D65B /* ViewController.swift */,
				2BBC8CD22CBBEC8200D5D65B /* Main.storyboard */,
				2BBC8CD52CBBEC8200D5D65B /* Assets.xcassets */,
				2BBC8CD72CBBEC8200D5D65B /* LaunchScreen.storyboard */,
				2BBC8CDA2CBBEC8200D5D65B /* Info.plist */,
			);
			path = RGBtoHexConventer;
			sourceTree = "<group>";
		};
		2BBC8CE22CBBEC8300D5D65B /* RGBtoHexConventerTests */ = {
			isa = PBXGroup;
			children = (
				2BBC8CE32CBBEC8300D5D65B /* RGBtoHexConventerTests.swift */,
			);
			path = RGBtoHexConventerTests;
			sourceTree = "<group>";
		};
		2BBC8CEC2CBBEC8300D5D65B /* RGBtoHexConventerUITests */ = {
			isa = PBXGroup;
			children = (
				2BBC8CED2CBBEC8300D5D65B /* RGBtoHexConventerUITests.swift */,
				2BBC8CEF2CBBEC8300D5D65B /* RGBtoHexConventerUITestsLaunchTests.swift */,
			);
			path = RGBtoHexConventerUITests;
			sourceTree = "<group>";
		};
/* End PBXGroup section */

/* Begin PBXNativeTarget section */
		2BBC8CC82CBBEC8200D5D65B /* RGBtoHexConventer */ = {
			isa = PBXNativeTarget;
			buildConfigurationList = 2BBC8CF32CBBEC8300D5D65B /* Build configuration list for PBXNativeTarget "RGBtoHexConventer" */;
			buildPhases = (
				2BBC8CC52CBBEC8200D5D65B /* Sources */,
				2BBC8CC62CBBEC8200D5D65B /* Frameworks */,
				2BBC8CC72CBBEC8200D5D65B /* Resources */,
			);
			buildRules = (
			);
			dependencies = (
			);
			name = RGBtoHexConventer;
			productName = RGBtoHexConventer;
			productReference = 2BBC8CC92CBBEC8200D5D65B /* RGBtoHexConventer.app */;
			productType = "com.apple.product-type.application";
		};
		2BBC8CDE2CBBEC8300D5D65B /* RGBtoHexConventerTests */ = {
			isa = PBXNativeTarget;
			buildConfigurationList = 2BBC8CF62CBBEC8300D5D65B /* Build configuration list for PBXNativeTarget "RGBtoHexConventerTests" */;
			buildPhases = (
				2BBC8CDB2CBBEC8300D5D65B /* Sources */,
				2BBC8CDC2CBBEC8300D5D65B /* Frameworks */,
				2BBC8CDD2CBBEC8300D5D65B /* Resources */,
			);
			buildRules = (
			);
			dependencies = (
				2BBC8CE12CBBEC8300D5D65B /* PBXTargetDependency */,
			);
			name = RGBtoHexConventerTests;
			productName = RGBtoHexConventerTests;
			productReference = 2BBC8CDF2CBBEC8300D5D65B /* RGBtoHexConventerTests.xctest */;
			productType = "com.apple.product-type.bundle.unit-test";
		};
		2BBC8CE82CBBEC8300D5D65B /* RGBtoHexConventerUITests */ = {
			isa = PBXNativeTarget;
			buildConfigurationList = 2BBC8CF92CBBEC8300D5D65B /* Build configuration list for PBXNativeTarget "RGBtoHexConventerUITests" */;
			buildPhases = (
				2BBC8CE52CBBEC8300D5D65B /* Sources */,
				2BBC8CE62CBBEC8300D5D65B /* Frameworks */,
				2BBC8CE72CBBEC8300D5D65B /* Resources */,
			);
			buildRules = (
			);
			dependencies = (
				2BBC8CEB2CBBEC8300D5D65B /* PBXTargetDependency */,
			);
			name = RGBtoHexConventerUITests;
			productName = RGBtoHexConventerUITests;
			productReference = 2BBC8CE92CBBEC8300D5D65B /* RGBtoHexConventerUITests.xctest */;
			productType = "com.apple.product-type.bundle.ui-testing";
		};
/* End PBXNativeTarget section */

/* Begin PBXProject section */
		2BBC8CC12CBBEC8200D5D65B /* Project object */ = {
			isa = PBXProject;
			attributes = {
				BuildIndependentTargetsInParallel = 1;
				LastSwiftUpdateCheck = 1540;
				LastUpgradeCheck = 1540;
				TargetAttributes = {
					2BBC8CC82CBBEC8200D5D65B = {
						CreatedOnToolsVersion = 15.4;
					};
					2BBC8CDE2CBBEC8300D5D65B = {
						CreatedOnToolsVersion = 15.4;
						TestTargetID = 2BBC8CC82CBBEC8200D5D65B;
					};
					2BBC8CE82CBBEC8300D5D65B = {
						CreatedOnToolsVersion = 15.4;
						TestTargetID = 2BBC8CC82CBBEC8200D5D65B;
					};
				};
			};
			buildConfigurationList = 2BBC8CC42CBBEC8200D5D65B /* Build configuration list for PBXProject "RGBtoHexConventer" */;
			compatibilityVersion = "Xcode 14.0";
			developmentRegion = en;
			hasScannedForEncodings = 0;
			knownRegions = (
				en,
				Base,
			);
			mainGroup = 2BBC8CC02CBBEC8200D5D65B;
			productRefGroup = 2BBC8CCA2CBBEC8200D5D65B /* Products */;
			projectDirPath = "";
			projectRoot = "";
			targets = (
				2BBC8CC82CBBEC8200D5D65B /* RGBtoHexConventer */,
				2BBC8CDE2CBBEC8300D5D65B /* RGBtoHexConventerTests */,
				2BBC8CE82CBBEC8300D5D65B /* RGBtoHexConventerUITests */,
			);
		};
/* End PBXProject section */

/* Begin PBXResourcesBuildPhase section */
		2BBC8CC72CBBEC8200D5D65B /* Resources */ = {
			isa = PBXResourcesBuildPhase;
			buildActionMask = 2147483647;
			files = (
				2BBC8CD62CBBEC8200D5D65B /* Assets.xcassets in Resources */,
				2BBC8CD92CBBEC8200D5D65B /* Base in Resources */,
				2BBC8CD42CBBEC8200D5D65B /* Base in Resources */,
			);
			runOnlyForDeploymentPostprocessing = 0;
		};
		2BBC8CDD2CBBEC8300D5D65B /* Resources */ = {
			isa = PBXResourcesBuildPhase;
			buildActionMask = 2147483647;
			files = (
			);
			runOnlyForDeploymentPostprocessing = 0;
		};
		2BBC8CE72CBBEC8300D5D65B /* Resources */ = {
			isa = PBXResourcesBuildPhase;
			buildActionMask = 2147483647;
			files = (
			);
			runOnlyForDeploymentPostprocessing = 0;
		};
/* End PBXResourcesBuildPhase section */

/* Begin PBXSourcesBuildPhase section */
		2BBC8CC52CBBEC8200D5D65B /* Sources */ = {
			isa = PBXSourcesBuildPhase;
			buildActionMask = 2147483647;
			files = (
				2BBC8CD12CBBEC8200D5D65B /* ViewController.swift in Sources */,
				2BBC8CCD2CBBEC8200D5D65B /* AppDelegate.swift in Sources */,
				2BBC8CCF2CBBEC8200D5D65B /* SceneDelegate.swift in Sources */,
			);
			runOnlyForDeploymentPostprocessing = 0;
		};
		2BBC8CDB2CBBEC8300D5D65B /* Sources */ = {
			isa = PBXSourcesBuildPhase;
			buildActionMask = 2147483647;
			files = (
				2BBC8CE42CBBEC8300D5D65B /* RGBtoHexConventerTests.swift in Sources */,
			);
			runOnlyForDeploymentPostprocessing = 0;
		};
		2BBC8CE52CBBEC8300D5D65B /* Sources */ = {
			isa = PBXSourcesBuildPhase;
			buildActionMask = 2147483647;
			files = (
				2BBC8CF02CBBEC8300D5D65B /* RGBtoHexConventerUITestsLaunchTests.swift in Sources */,
				2BBC8CEE2CBBEC8300D5D65B /* RGBtoHexConventerUITests.swift in Sources */,
			);
			runOnlyForDeploymentPostprocessing = 0;
		};
/* End PBXSourcesBuildPhase section */

/* Begin PBXTargetDependency section */
		2BBC8CE12CBBEC8300D5D65B /* PBXTargetDependency */ = {
			isa = PBXTargetDependency;
			target = 2BBC8CC82CBBEC8200D5D65B /* RGBtoHexConventer */;
			targetProxy = 2BBC8CE02CBBEC8300D5D65B /* PBXContainerItemProxy */;
		};
		2BBC8CEB2CBBEC8300D5D65B /* PBXTargetDependency */ = {
			isa = PBXTargetDependency;
			target = 2BBC8CC82CBBEC8200D5D65B /* RGBtoHexConventer */;
			targetProxy = 2BBC8CEA2CBBEC8300D5D65B /* PBXContainerItemProxy */;
		};
/* End PBXTargetDependency section */

/* Begin PBXVariantGroup section */
		2BBC8CD22CBBEC8200D5D65B /* Main.storyboard */ = {
			isa = PBXVariantGroup;
			children = (
				2BBC8CD32CBBEC8200D5D65B /* Base */,
			);
			name = Main.storyboard;
			sourceTree = "<group>";
		};
		2BBC8CD72CBBEC8200D5D65B /* LaunchScreen.storyboard */ = {
			isa = PBXVariantGroup;
			children = (
				2BBC8CD82CBBEC8200D5D65B /* Base */,
			);
			name = LaunchScreen.storyboard;
			sourceTree = "<group>";
		};
/* End PBXVariantGroup section */

/* Begin XCBuildConfiguration section */
		2BBC8CF12CBBEC8300D5D65B /* Debug */ = {
			isa = XCBuildConfiguration;
			buildSettings = {
				ALWAYS_SEARCH_USER_PATHS = NO;
				ASSETCATALOG_COMPILER_GENERATE_SWIFT_ASSET_SYMBOL_EXTENSIONS = YES;
				CLANG_ANALYZER_NONNULL = YES;
				CLANG_ANALYZER_NUMBER_OBJECT_CONVERSION = YES_AGGRESSIVE;
				CLANG_CXX_LANGUAGE_STANDARD = "gnu++20";
				CLANG_ENABLE_MODULES = YES;
				CLANG_ENABLE_OBJC_ARC = YES;
				CLANG_ENABLE_OBJC_WEAK = YES;
				CLANG_WARN_BLOCK_CAPTURE_AUTORELEASING = YES;
				CLANG_WARN_BOOL_CONVERSION = YES;
				CLANG_WARN_COMMA = YES;
				CLANG_WARN_CONSTANT_CONVERSION = YES;
				CLANG_WARN_DEPRECATED_OBJC_IMPLEMENTATIONS = YES;
				CLANG_WARN_DIRECT_OBJC_ISA_USAGE = YES_ERROR;
				CLANG_WARN_DOCUMENTATION_COMMENTS = YES;
				CLANG_WARN_EMPTY_BODY = YES;
				CLANG_WARN_ENUM_CONVERSION = YES;
				CLANG_WARN_INFINITE_RECURSION = YES;
				CLANG_WARN_INT_CONVERSION = YES;
				CLANG_WARN_NON_LITERAL_NULL_CONVERSION = YES;
				CLANG_WARN_OBJC_IMPLICIT_RETAIN_SELF = YES;
				CLANG_WARN_OBJC_LITERAL_CONVERSION = YES;
				CLANG_WARN_OBJC_ROOT_CLASS = YES_ERROR;
				CLANG_WARN_QUOTED_INCLUDE_IN_FRAMEWORK_HEADER = YES;
				CLANG_WARN_RANGE_LOOP_ANALYSIS = YES;
				CLANG_WARN_STRICT_PROTOTYPES = YES;
				CLANG_WARN_SUSPICIOUS_MOVE = YES;
				CLANG_WARN_UNGUARDED_AVAILABILITY = YES_AGGRESSIVE;
				CLANG_WARN_UNREACHABLE_CODE = YES;
				CLANG_WARN__DUPLICATE_METHOD_MATCH = YES;
				COPY_PHASE_STRIP = NO;
				DEBUG_INFORMATION_FORMAT = dwarf;
				ENABLE_STRICT_OBJC_MSGSEND = YES;
				ENABLE_TESTABILITY = YES;
				ENABLE_USER_SCRIPT_SANDBOXING = YES;
				GCC_C_LANGUAGE_STANDARD = gnu17;
				GCC_DYNAMIC_NO_PIC = NO;
				GCC_NO_COMMON_BLOCKS = YES;
				GCC_OPTIMIZATION_LEVEL = 0;
				GCC_PREPROCESSOR_DEFINITIONS = (
					"DEBUG=1",
					"$(inherited)",
				);
				GCC_WARN_64_TO_32_BIT_CONVERSION = YES;
				GCC_WARN_ABOUT_RETURN_TYPE = YES_ERROR;
				GCC_WARN_UNDECLARED_SELECTOR = YES;
				GCC_WARN_UNINITIALIZED_AUTOS = YES_AGGRESSIVE;
				GCC_WARN_UNUSED_FUNCTION = YES;
				GCC_WARN_UNUSED_VARIABLE = YES;
				IPHONEOS_DEPLOYMENT_TARGET = 17.5;
				LOCALIZATION_PREFERS_STRING_CATALOGS = YES;
				MTL_ENABLE_DEBUG_INFO = INCLUDE_SOURCE;
				MTL_FAST_MATH = YES;
				ONLY_ACTIVE_ARCH = YES;
				SDKROOT = iphoneos;
				SWIFT_ACTIVE_COMPILATION_CONDITIONS = "DEBUG $(inherited)";
				SWIFT_OPTIMIZATION_LEVEL = "-Onone";
			};
			name = Debug;
		};
		2BBC8CF22CBBEC8300D5D65B /* Release */ = {
			isa = XCBuildConfiguration;
			buildSettings = {
				ALWAYS_SEARCH_USER_PATHS = NO;
				ASSETCATALOG_COMPILER_GENERATE_SWIFT_ASSET_SYMBOL_EXTENSIONS = YES;
				CLANG_ANALYZER_NONNULL = YES;
				CLANG_ANALYZER_NUMBER_OBJECT_CONVERSION = YES_AGGRESSIVE;
				CLANG_CXX_LANGUAGE_STANDARD = "gnu++20";
				CLANG_ENABLE_MODULES = YES;
				CLANG_ENABLE_OBJC_ARC = YES;
				CLANG_ENABLE_OBJC_WEAK = YES;
				CLANG_WARN_BLOCK_CAPTURE_AUTORELEASING = YES;
				CLANG_WARN_BOOL_CONVERSION = YES;
				CLANG_WARN_COMMA = YES;
				CLANG_WARN_CONSTANT_CONVERSION = YES;
				CLANG_WARN_DEPRECATED_OBJC_IMPLEMENTATIONS = YES;
				CLANG_WARN_DIRECT_OBJC_ISA_USAGE = YES_ERROR;
				CLANG_WARN_DOCUMENTATION_COMMENTS = YES;
				CLANG_WARN_EMPTY_BODY = YES;
				CLANG_WARN_ENUM_CONVERSION = YES;
				CLANG_WARN_INFINITE_RECURSION = YES;
				CLANG_WARN_INT_CONVERSION = YES;
				CLANG_WARN_NON_LITERAL_NULL_CONVERSION = YES;
				CLANG_WARN_OBJC_IMPLICIT_RETAIN_SELF = YES;
				CLANG_WARN_OBJC_LITERAL_CONVERSION = YES;
				CLANG_WARN_OBJC_ROOT_CLASS = YES_ERROR;
				CLANG_WARN_QUOTED_INCLUDE_IN_FRAMEWORK_HEADER = YES;
				CLANG_WARN_RANGE_LOOP_ANALYSIS = YES;
				CLANG_WARN_STRICT_PROTOTYPES = YES;
				CLANG_WARN_SUSPICIOUS_MOVE = YES;
				CLANG_WARN_UNGUARDED_AVAILABILITY = YES_AGGRESSIVE;
				CLANG_WARN_UNREACHABLE_CODE = YES;
				CLANG_WARN__DUPLICATE_METHOD_MATCH = YES;
				COPY_PHASE_STRIP = NO;
				DEBUG_INFORMATION_FORMAT = "dwarf-with-dsym";
				ENABLE_NS_ASSERTIONS = NO;
				ENABLE_STRICT_OBJC_MSGSEND = YES;
				ENABLE_USER_SCRIPT_SANDBOXING = YES;
				GCC_C_LANGUAGE_STANDARD = gnu17;
				GCC_NO_COMMON_BLOCKS = YES;
				GCC_WARN_64_TO_32_BIT_CONVERSION = YES;
				GCC_WARN_ABOUT_RETURN_TYPE = YES_ERROR;
				GCC_WARN_UNDECLARED_SELECTOR = YES;
				GCC_WARN_UNINITIALIZED_AUTOS = YES_AGGRESSIVE;
				GCC_WARN_UNUSED_FUNCTION = YES;
				GCC_WARN_UNUSED_VARIABLE = YES;
				IPHONEOS_DEPLOYMENT_TARGET = 17.5;
				LOCALIZATION_PREFERS_STRING_CATALOGS = YES;
				MTL_ENABLE_DEBUG_INFO = NO;
				MTL_FAST_MATH = YES;
				SDKROOT = iphoneos;
				SWIFT_COMPILATION_MODE = wholemodule;
				VALIDATE_PRODUCT = YES;
			};
			name = Release;
		};
		2BBC8CF42CBBEC8300D5D65B /* Debug */ = {
			isa = XCBuildConfiguration;
			buildSettings = {
				ASSETCATALOG_COMPILER_APPICON_NAME = AppIcon;
				ASSETCATALOG_COMPILER_GLOBAL_ACCENT_COLOR_NAME = AccentColor;
				CODE_SIGN_STYLE = Automatic;
				CURRENT_PROJECT_VERSION = 1;
				GENERATE_INFOPLIST_FILE = YES;
				INFOPLIST_FILE = RGBtoHexConventer/Info.plist;
				INFOPLIST_KEY_UIApplicationSupportsIndirectInputEvents = YES;
				INFOPLIST_KEY_UILaunchStoryboardName = LaunchScreen;
				INFOPLIST_KEY_UIMainStoryboardFile = Main;
				INFOPLIST_KEY_UISupportedInterfaceOrientations_iPad = "UIInterfaceOrientationPortrait UIInterfaceOrientationPortraitUpsideDown UIInterfaceOrientationLandscapeLeft UIInterfaceOrientationLandscapeRight";
				INFOPLIST_KEY_UISupportedInterfaceOrientations_iPhone = "UIInterfaceOrientationPortrait UIInterfaceOrientationLandscapeLeft UIInterfaceOrientationLandscapeRight";
				LD_RUNPATH_SEARCH_PATHS = (
					"$(inherited)",
					"@executable_path/Frameworks",
				);
				MARKETING_VERSION = 1.0;
				PRODUCT_BUNDLE_IDENTIFIER = none.RGBtoHexConventer;
				PRODUCT_NAME = "$(TARGET_NAME)";
				SWIFT_EMIT_LOC_STRINGS = YES;
				SWIFT_VERSION = 5.0;
				TARGETED_DEVICE_FAMILY = "1,2";
			};
			name = Debug;
		};
		2BBC8CF52CBBEC8300D5D65B /* Release */ = {
			isa = XCBuildConfiguration;
			buildSettings = {
				ASSETCATALOG_COMPILER_APPICON_NAME = AppIcon;
				ASSETCATALOG_COMPILER_GLOBAL_ACCENT_COLOR_NAME = AccentColor;
				CODE_SIGN_STYLE = Automatic;
				CURRENT_PROJECT_VERSION = 1;
				GENERATE_INFOPLIST_FILE = YES;
				INFOPLIST_FILE = RGBtoHexConventer/Info.plist;
				INFOPLIST_KEY_UIApplicationSupportsIndirectInputEvents = YES;
				INFOPLIST_KEY_UILaunchStoryboardName = LaunchScreen;
				INFOPLIST_KEY_UIMainStoryboardFile = Main;
				INFOPLIST_KEY_UISupportedInterfaceOrientations_iPad = "UIInterfaceOrientationPortrait UIInterfaceOrientationPortraitUpsideDown UIInterfaceOrientationLandscapeLeft UIInterfaceOrientationLandscapeRight";
				INFOPLIST_KEY_UISupportedInterfaceOrientations_iPhone = "UIInterfaceOrientationPortrait UIInterfaceOrientationLandscapeLeft UIInterfaceOrientationLandscapeRight";
				LD_RUNPATH_SEARCH_PATHS = (
					"$(inherited)",
					"@executable_path/Frameworks",
				);
				MARKETING_VERSION = 1.0;
				PRODUCT_BUNDLE_IDENTIFIER = none.RGBtoHexConventer;
				PRODUCT_NAME = "$(TARGET_NAME)";
				SWIFT_EMIT_LOC_STRINGS = YES;
				SWIFT_VERSION = 5.0;
				TARGETED_DEVICE_FAMILY = "1,2";
			};
			name = Release;
		};
		2BBC8CF72CBBEC8300D5D65B /* Debug */ = {
			isa = XCBuildConfiguration;
			buildSettings = {
				ALWAYS_EMBED_SWIFT_STANDARD_LIBRARIES = YES;
				BUNDLE_LOADER = "$(TEST_HOST)";
				CODE_SIGN_STYLE = Automatic;
				CURRENT_PROJECT_VERSION = 1;
				GENERATE_INFOPLIST_FILE = YES;
				IPHONEOS_DEPLOYMENT_TARGET = 17.5;
				MARKETING_VERSION = 1.0;
				PRODUCT_BUNDLE_IDENTIFIER = none.RGBtoHexConventerTests;
				PRODUCT_NAME = "$(TARGET_NAME)";
				SWIFT_EMIT_LOC_STRINGS = NO;
				SWIFT_VERSION = 5.0;
				TARGETED_DEVICE_FAMILY = "1,2";
				TEST_HOST = "$(BUILT_PRODUCTS_DIR)/RGBtoHexConventer.app/$(BUNDLE_EXECUTABLE_FOLDER_PATH)/RGBtoHexConventer";
			};
			name = Debug;
		};
		2BBC8CF82CBBEC8300D5D65B /* Release */ = {
			isa = XCBuildConfiguration;
			buildSettings = {
				ALWAYS_EMBED_SWIFT_STANDARD_LIBRARIES = YES;
				BUNDLE_LOADER = "$(TEST_HOST)";
				CODE_SIGN_STYLE = Automatic;
				CURRENT_PROJECT_VERSION = 1;
				GENERATE_INFOPLIST_FILE = YES;
				IPHONEOS_DEPLOYMENT_TARGET = 17.5;
				MARKETING_VERSION = 1.0;
				PRODUCT_BUNDLE_IDENTIFIER = none.RGBtoHexConventerTests;
				PRODUCT_NAME = "$(TARGET_NAME)";
				SWIFT_EMIT_LOC_STRINGS = NO;
				SWIFT_VERSION = 5.0;
				TARGETED_DEVICE_FAMILY = "1,2";
				TEST_HOST = "$(BUILT_PRODUCTS_DIR)/RGBtoHexConventer.app/$(BUNDLE_EXECUTABLE_FOLDER_PATH)/RGBtoHexConventer";
			};
			name = Release;
		};
		2BBC8CFA2CBBEC8300D5D65B /* Debug */ = {
			isa = XCBuildConfiguration;
			buildSettings = {
				ALWAYS_EMBED_SWIFT_STANDARD_LIBRARIES = YES;
				CODE_SIGN_STYLE = Automatic;
				CURRENT_PROJECT_VERSION = 1;
				GENERATE_INFOPLIST_FILE = YES;
				MARKETING_VERSION = 1.0;
				PRODUCT_BUNDLE_IDENTIFIER = none.RGBtoHexConventerUITests;
				PRODUCT_NAME = "$(TARGET_NAME)";
				SWIFT_EMIT_LOC_STRINGS = NO;
				SWIFT_VERSION = 5.0;
				TARGETED_DEVICE_FAMILY = "1,2";
				TEST_TARGET_NAME = RGBtoHexConventer;
			};
			name = Debug;
		};
		2BBC8CFB2CBBEC8300D5D65B /* Release */ = {
			isa = XCBuildConfiguration;
			buildSettings = {
				ALWAYS_EMBED_SWIFT_STANDARD_LIBRARIES = YES;
				CODE_SIGN_STYLE = Automatic;
				CURRENT_PROJECT_VERSION = 1;
				GENERATE_INFOPLIST_FILE = YES;
				MARKETING_VERSION = 1.0;
				PRODUCT_BUNDLE_IDENTIFIER = none.RGBtoHexConventerUITests;
				PRODUCT_NAME = "$(TARGET_NAME)";
				SWIFT_EMIT_LOC_STRINGS = NO;
				SWIFT_VERSION = 5.0;
				TARGETED_DEVICE_FAMILY = "1,2";
				TEST_TARGET_NAME = RGBtoHexConventer;
			};
			name = Release;
		};
/* End XCBuildConfiguration section */

/* Begin XCConfigurationList section */
		2BBC8CC42CBBEC8200D5D65B /* Build configuration list for PBXProject "RGBtoHexConventer" */ = {
			isa = XCConfigurationList;
			buildConfigurations = (
				2BBC8CF12CBBEC8300D5D65B /* Debug */,
				2BBC8CF22CBBEC8300D5D65B /* Release */,
			);
			defaultConfigurationIsVisible = 0;
			defaultConfigurationName = Release;
		};
		2BBC8CF32CBBEC8300D5D65B /* Build configuration list for PBXNativeTarget "RGBtoHexConventer" */ = {
			isa = XCConfigurationList;
			buildConfigurations = (
				2BBC8CF42CBBEC8300D5D65B /* Debug */,
				2BBC8CF52CBBEC8300D5D65B /* Release */,
			);
			defaultConfigurationIsVisible = 0;
			defaultConfigurationName = Release;
		};
		2BBC8CF62CBBEC8300D5D65B /* Build configuration list for PBXNativeTarget "RGBtoHexConventerTests" */ = {
			isa = XCConfigurationList;
			buildConfigurations = (
				2BBC8CF72CBBEC8300D5D65B /* Debug */,
				2BBC8CF82CBBEC8300D5D65B /* Release */,
			);
			defaultConfigurationIsVisible = 0;
			defaultConfigurationName = Release;
		};
		2BBC8CF92CBBEC8300D5D65B /* Build configuration list for PBXNativeTarget "RGBtoHexConventerUITests" */ = {
			isa = XCConfigurationList;
			buildConfigurations = (
				2BBC8CFA2CBBEC8300D5D65B /* Debug */,
				2BBC8CFB2CBBEC8300D5D65B /* Release */,
			);
			defaultConfigurationIsVisible = 0;
			defaultConfigurationName = Release;
		};
/* End XCConfigurationList section */
	};
	rootObject = 2BBC8CC12CBBEC8200D5D65B /* Project object */;
}
